
Microsoft Visual Studio Solution File, Format Version 12.00
# Visual Studio 15
VisualStudioVersion = 15.0.27130.2036
MinimumVisualStudioVersion = 10.0.40219.1
Project("{8BC9CEB8-8B4A-11D0-8D11-00A0C91BC942}") = "DataTypeSize", "DataTypeSize\DataTypeSize.vcxproj", "{E2B27AEC-9F6D-47EB-9AB7-F10864C3D850}"
EndProject
Global
	GlobalSection(SolutionConfigurationPlatforms) = preSolution
		Debug|x64 = Debug|x64
		Debug|x86 = Debug|x86
		Release|x64 = Release|x64
		Release|x86 = Release|x86
	EndGlobalSection
	GlobalSection(ProjectConfigurationPlatforms) = postSolution
		{E2B27AEC-9F6D-47EB-9AB7-F10864C3D850}.Debug|x64.ActiveCfg = Debug|x64
		{E2B27AEC-9F6D-47EB-9AB7-F10864C3D850}.Debug|x64.Build.0 = Debug|x64
		{E2B27AEC-9F6D-47EB-9AB7-F10864C3D850}.Debug|x86.ActiveCfg = Debug|Win32
		{E2B27AEC-9F6D-47EB-9AB7-F10864C3D850}.Debug|x86.Build.0 = Debug|Win32
		{E2B27AEC-9F6D-47EB-9AB7-F10864C3D850}.Release|x64.ActiveCfg = Release|x64
		{E2B27AEC-9F6D-47EB-9AB7-F10864C3D850}.Release|x64.Build.0 = Release|x64
		{E2B27AEC-9F6D-47EB-9AB7-F10864C3D850}.Release|x86.ActiveCfg = Release|Win32
		{E2B27AEC-9F6D-47EB-9AB7-F10864C3D850}.Release|x86.Build.0 = Release|Win32
	EndGlobalSection
	GlobalSection(SolutionProperties) = preSolution
		HideSolutionNode = FALSE
	EndGlobalSection
	GlobalSection(ExtensibilityGlobals) = postSolution
		SolutionGuid = {A9A89B4C-7C6A-49E4-A978-55A2648373E9}
	EndGlobalSection
EndGlobal
